// !$*UTF8*$!
{
	archiveVersion = 1;
	classes = {
	};
	objectVersion = 46;
	objects = {

/* Begin PBXBuildFile section */
		A90F774213D4A101009277B2 /* UIKit.framework in Frameworks */ = {isa = PBXBuildFile; fileRef = A90F774113D4A101009277B2 /* UIKit.framework */; };
		A90F774413D4A101009277B2 /* Foundation.framework in Frameworks */ = {isa = PBXBuildFile; fileRef = A90F774313D4A101009277B2 /* Foundation.framework */; };
		A90F774613D4A101009277B2 /* CoreGraphics.framework in Frameworks */ = {isa = PBXBuildFile; fileRef = A90F774513D4A101009277B2 /* CoreGraphics.framework */; };
		A90F774C13D4A101009277B2 /* InfoPlist.strings in Resources */ = {isa = PBXBuildFile; fileRef = A90F774A13D4A101009277B2 /* InfoPlist.strings */; };
		A90F774E13D4A101009277B2 /* main.m in Sources */ = {isa = PBXBuildFile; fileRef = A90F774D13D4A101009277B2 /* main.m */; };
		A90F775213D4A101009277B2 /* SignMeAppDelegate.m in Sources */ = {isa = PBXBuildFile; fileRef = A90F775113D4A101009277B2 /* SignMeAppDelegate.m */; };
		A90F775513D4A101009277B2 /* SignMeViewController.m in Sources */ = {isa = PBXBuildFile; fileRef = A90F775413D4A101009277B2 /* SignMeViewController.m */; };
		A90F775813D4A101009277B2 /* SignMeViewController.xib in Resources */ = {isa = PBXBuildFile; fileRef = A90F775613D4A101009277B2 /* SignMeViewController.xib */; };
		A90F776513D4A21D009277B2 /* Default-Landscape~ipad.png in Resources */ = {isa = PBXBuildFile; fileRef = A90F776113D4A21D009277B2 /* Default-Landscape~ipad.png */; };
		A90F776613D4A21D009277B2 /* Default-Portrait~ipad.png in Resources */ = {isa = PBXBuildFile; fileRef = A90F776213D4A21D009277B2 /* Default-Portrait~ipad.png */; };
		A90F776713D4A21D009277B2 /* Icon.png in Resources */ = {isa = PBXBuildFile; fileRef = A90F776313D4A21D009277B2 /* Icon.png */; };
		A90F776813D4A21D009277B2 /* itunesArtwork in Resources */ = {isa = PBXBuildFile; fileRef = A90F776413D4A21D009277B2 /* itunesArtwork */; };
/* End PBXBuildFile section */

/* Begin PBXContainerItemProxy section */
		A90F77C013D4D232009277B2 /* PBXContainerItemProxy */ = {
			isa = PBXContainerItemProxy;
			containerPortal = A90F77B913D4D231009277B2 /* box.xcodeproj */;
			proxyType = 2;
			remoteGlobalIDString = A90F777613D4A2D0009277B2;
			remoteInfo = box;
		};
		A90F77CC13D4D244009277B2 /* PBXContainerItemProxy */ = {
			isa = PBXContainerItemProxy;
			containerPortal = A90F77C513D4D243009277B2 /* DocuSign.xcodeproj */;
			proxyType = 2;
			remoteGlobalIDString = A90F779113D4A310009277B2;
			remoteInfo = DocuSign;
		};
/* End PBXContainerItemProxy section */

/* Begin PBXFileReference section */
		A90F773D13D4A101009277B2 /* SignMe.app */ = {isa = PBXFileReference; explicitFileType = wrapper.application; includeInIndex = 0; path = SignMe.app; sourceTree = BUILT_PRODUCTS_DIR; };
		A90F774113D4A101009277B2 /* UIKit.framework */ = {isa = PBXFileReference; lastKnownFileType = wrapper.framework; name = UIKit.framework; path = System/Library/Frameworks/UIKit.framework; sourceTree = SDKROOT; };
		A90F774313D4A101009277B2 /* Foundation.framework */ = {isa = PBXFileReference; lastKnownFileType = wrapper.framework; name = Foundation.framework; path = System/Library/Frameworks/Foundation.framework; sourceTree = SDKROOT; };
		A90F774513D4A101009277B2 /* CoreGraphics.framework */ = {isa = PBXFileReference; lastKnownFileType = wrapper.framework; name = CoreGraphics.framework; path = System/Library/Frameworks/CoreGraphics.framework; sourceTree = SDKROOT; };
		A90F774913D4A101009277B2 /* SignMe-Info.plist */ = {isa = PBXFileReference; lastKnownFileType = text.plist.xml; path = "SignMe-Info.plist"; sourceTree = "<group>"; };
		A90F774B13D4A101009277B2 /* en */ = {isa = PBXFileReference; lastKnownFileType = text.plist.strings; name = en; path = en.lproj/InfoPlist.strings; sourceTree = "<group>"; };
		A90F774D13D4A101009277B2 /* main.m */ = {isa = PBXFileReference; lastKnownFileType = sourcecode.c.objc; path = main.m; sourceTree = "<group>"; };
		A90F774F13D4A101009277B2 /* SignMe-Prefix.pch */ = {isa = PBXFileReference; lastKnownFileType = sourcecode.c.h; path = "SignMe-Prefix.pch"; sourceTree = "<group>"; };
		A90F775013D4A101009277B2 /* SignMeAppDelegate.h */ = {isa = PBXFileReference; lastKnownFileType = sourcecode.c.h; path = SignMeAppDelegate.h; sourceTree = "<group>"; };
		A90F775113D4A101009277B2 /* SignMeAppDelegate.m */ = {isa = PBXFileReference; lastKnownFileType = sourcecode.c.objc; path = SignMeAppDelegate.m; sourceTree = "<group>"; };
		A90F775313D4A101009277B2 /* SignMeViewController.h */ = {isa = PBXFileReference; lastKnownFileType = sourcecode.c.h; path = SignMeViewController.h; sourceTree = "<group>"; };
		A90F775413D4A101009277B2 /* SignMeViewController.m */ = {isa = PBXFileReference; lastKnownFileType = sourcecode.c.objc; path = SignMeViewController.m; sourceTree = "<group>"; };
		A90F775713D4A101009277B2 /* en */ = {isa = PBXFileReference; lastKnownFileType = file.xib; name = en; path = en.lproj/SignMeViewController.xib; sourceTree = "<group>"; };
		A90F775E13D4A10D009277B2 /* SignMe.entitlements */ = {isa = PBXFileReference; lastKnownFileType = text.xml; path = SignMe.entitlements; sourceTree = "<group>"; };
		A90F776113D4A21D009277B2 /* Default-Landscape~ipad.png */ = {isa = PBXFileReference; lastKnownFileType = image.png; path = "Default-Landscape~ipad.png"; sourceTree = "<group>"; };
		A90F776213D4A21D009277B2 /* Default-Portrait~ipad.png */ = {isa = PBXFileReference; lastKnownFileType = image.png; path = "Default-Portrait~ipad.png"; sourceTree = "<group>"; };
		A90F776313D4A21D009277B2 /* Icon.png */ = {isa = PBXFileReference; lastKnownFileType = image.png; path = Icon.png; sourceTree = "<group>"; };
		A90F776413D4A21D009277B2 /* itunesArtwork */ = {isa = PBXFileReference; lastKnownFileType = file; path = itunesArtwork; sourceTree = "<group>"; };
		A90F77B913D4D231009277B2 /* box.xcodeproj */ = {isa = PBXFileReference; lastKnownFileType = "wrapper.pb-project"; name = box.xcodeproj; path = external/box.net/box.xcodeproj; sourceTree = "<group>"; };
		A90F77C513D4D243009277B2 /* DocuSign.xcodeproj */ = {isa = PBXFileReference; lastKnownFileType = "wrapper.pb-project"; name = DocuSign.xcodeproj; path = external/DocuSign/DocuSign.xcodeproj; sourceTree = "<group>"; };
/* End PBXFileReference section */

/* Begin PBXFrameworksBuildPhase section */
		A90F773A13D4A101009277B2 /* Frameworks */ = {
			isa = PBXFrameworksBuildPhase;
			buildActionMask = 2147483647;
			files = (
				A90F774213D4A101009277B2 /* UIKit.framework in Frameworks */,
				A90F774413D4A101009277B2 /* Foundation.framework in Frameworks */,
				A90F774613D4A101009277B2 /* CoreGraphics.framework in Frameworks */,
			);
			runOnlyForDeploymentPostprocessing = 0;
		};
/* End PBXFrameworksBuildPhase section */

/* Begin PBXGroup section */
		A90F773213D4A101009277B2 = {
			isa = PBXGroup;
			children = (
				A90F774713D4A101009277B2 /* SignMe */,
				A90F774013D4A101009277B2 /* Frameworks */,
				A90F773E13D4A101009277B2 /* Products */,
			);
			sourceTree = "<group>";
		};
		A90F773E13D4A101009277B2 /* Products */ = {
			isa = PBXGroup;
			children = (
				A90F773D13D4A101009277B2 /* SignMe.app */,
			);
			name = Products;
			sourceTree = "<group>";
		};
		A90F774013D4A101009277B2 /* Frameworks */ = {
			isa = PBXGroup;
			children = (
				A90F77C513D4D243009277B2 /* DocuSign.xcodeproj */,
				A90F77B913D4D231009277B2 /* box.xcodeproj */,
				A90F774113D4A101009277B2 /* UIKit.framework */,
				A90F774313D4A101009277B2 /* Foundation.framework */,
				A90F774513D4A101009277B2 /* CoreGraphics.framework */,
			);
			name = Frameworks;
			sourceTree = "<group>";
		};
		A90F774713D4A101009277B2 /* SignMe */ = {
			isa = PBXGroup;
			children = (
				A90F775E13D4A10D009277B2 /* SignMe.entitlements */,
				A90F775013D4A101009277B2 /* SignMeAppDelegate.h */,
				A90F775113D4A101009277B2 /* SignMeAppDelegate.m */,
				A90F775313D4A101009277B2 /* SignMeViewController.h */,
				A90F775413D4A101009277B2 /* SignMeViewController.m */,
				A90F775613D4A101009277B2 /* SignMeViewController.xib */,
				A90F775F13D4A1F6009277B2 /* Resources */,
				A90F774813D4A101009277B2 /* Supporting Files */,
			);
			path = SignMe;
			sourceTree = "<group>";
		};
		A90F774813D4A101009277B2 /* Supporting Files */ = {
			isa = PBXGroup;
			children = (
				A90F774913D4A101009277B2 /* SignMe-Info.plist */,
				A90F774A13D4A101009277B2 /* InfoPlist.strings */,
				A90F774D13D4A101009277B2 /* main.m */,
				A90F774F13D4A101009277B2 /* SignMe-Prefix.pch */,
			);
			name = "Supporting Files";
			sourceTree = "<group>";
		};
		A90F775F13D4A1F6009277B2 /* Resources */ = {
			isa = PBXGroup;
			children = (
				A90F776013D4A206009277B2 /* Logos */,
			);
			name = Resources;
			sourceTree = "<group>";
		};
		A90F776013D4A206009277B2 /* Logos */ = {
			isa = PBXGroup;
			children = (
				A90F776113D4A21D009277B2 /* Default-Landscape~ipad.png */,
				A90F776213D4A21D009277B2 /* Default-Portrait~ipad.png */,
				A90F776313D4A21D009277B2 /* Icon.png */,
				A90F776413D4A21D009277B2 /* itunesArtwork */,
			);
			name = Logos;
			sourceTree = "<group>";
		};
		A90F77BA13D4D231009277B2 /* Products */ = {
			isa = PBXGroup;
			children = (
				A90F77C113D4D232009277B2 /* libbox.a */,
			);
			name = Products;
			sourceTree = "<group>";
		};
		A90F77C613D4D243009277B2 /* Products */ = {
			isa = PBXGroup;
			children = (
				A90F77CD13D4D244009277B2 /* libDocuSign.a */,
			);
			name = Products;
			sourceTree = "<group>";
		};
/* End PBXGroup section */

/* Begin PBXNativeTarget section */
		A90F773C13D4A101009277B2 /* SignMe */ = {
			isa = PBXNativeTarget;
			buildConfigurationList = A90F775B13D4A101009277B2 /* Build configuration list for PBXNativeTarget "SignMe" */;
			buildPhases = (
				A90F773913D4A101009277B2 /* Sources */,
				A90F773A13D4A101009277B2 /* Frameworks */,
				A90F773B13D4A101009277B2 /* Resources */,
			);
			buildRules = (
			);
			dependencies = (
			);
			name = SignMe;
			productName = SignMe;
			productReference = A90F773D13D4A101009277B2 /* SignMe.app */;
			productType = "com.apple.product-type.application";
		};
/* End PBXNativeTarget section */

/* Begin PBXProject section */
		A90F773413D4A101009277B2 /* Project object */ = {
			isa = PBXProject;
			buildConfigurationList = A90F773713D4A101009277B2 /* Build configuration list for PBXProject "SignMe" */;
			compatibilityVersion = "Xcode 3.2";
			developmentRegion = English;
			hasScannedForEncodings = 0;
			knownRegions = (
				en,
			);
			mainGroup = A90F773213D4A101009277B2;
			productRefGroup = A90F773E13D4A101009277B2 /* Products */;
			projectDirPath = "";
			projectReferences = (
				{
					ProductGroup = A90F77BA13D4D231009277B2 /* Products */;
					ProjectRef = A90F77B913D4D231009277B2 /* box.xcodeproj */;
				},
				{
					ProductGroup = A90F77C613D4D243009277B2 /* Products */;
					ProjectRef = A90F77C513D4D243009277B2 /* DocuSign.xcodeproj */;
				},
			);
			projectRoot = "";
			targets = (
				A90F773C13D4A101009277B2 /* SignMe */,
			);
		};
/* End PBXProject section */

/* Begin PBXReferenceProxy section */
		A90F77C113D4D232009277B2 /* libbox.a */ = {
			isa = PBXReferenceProxy;
			fileType = archive.ar;
			path = libbox.a;
			remoteRef = A90F77C013D4D232009277B2 /* PBXContainerItemProxy */;
			sourceTree = BUILT_PRODUCTS_DIR;
		};
		A90F77CD13D4D244009277B2 /* libDocuSign.a */ = {
			isa = PBXReferenceProxy;
			fileType = archive.ar;
			path = libDocuSign.a;
			remoteRef = A90F77CC13D4D244009277B2 /* PBXContainerItemProxy */;
			sourceTree = BUILT_PRODUCTS_DIR;
		};
/* End PBXReferenceProxy section */

/* Begin PBXResourcesBuildPhase section */
		A90F773B13D4A101009277B2 /* Resources */ = {
			isa = PBXResourcesBuildPhase;
			buildActionMask = 2147483647;
			files = (
				A90F774C13D4A101009277B2 /* InfoPlist.strings in Resources */,
				A90F775813D4A101009277B2 /* SignMeViewController.xib in Resources */,
				A90F776513D4A21D009277B2 /* Default-Landscape~ipad.png in Resources */,
				A90F776613D4A21D009277B2 /* Default-Portrait~ipad.png in Resources */,
				A90F776713D4A21D009277B2 /* Icon.png in Resources */,
				A90F776813D4A21D009277B2 /* itunesArtwork in Resources */,
			);
			runOnlyForDeploymentPostprocessing = 0;
		};
/* End PBXResourcesBuildPhase section */

/* Begin PBXSourcesBuildPhase section */
		A90F773913D4A101009277B2 /* Sources */ = {
			isa = PBXSourcesBuildPhase;
			buildActionMask = 2147483647;
			files = (
				A90F774E13D4A101009277B2 /* main.m in Sources */,
				A90F775213D4A101009277B2 /* SignMeAppDelegate.m in Sources */,
				A90F775513D4A101009277B2 /* SignMeViewController.m in Sources */,
			);
			runOnlyForDeploymentPostprocessing = 0;
		};
/* End PBXSourcesBuildPhase section */

/* Begin PBXVariantGroup section */
		A90F774A13D4A101009277B2 /* InfoPlist.strings */ = {
			isa = PBXVariantGroup;
			children = (
				A90F774B13D4A101009277B2 /* en */,
			);
			name = InfoPlist.strings;
			sourceTree = "<group>";
		};
		A90F775613D4A101009277B2 /* SignMeViewController.xib */ = {
			isa = PBXVariantGroup;
			children = (
				A90F775713D4A101009277B2 /* en */,
			);
			name = SignMeViewController.xib;
			sourceTree = "<group>";
		};
/* End PBXVariantGroup section */

/* Begin XCBuildConfiguration section */
		A90F775913D4A101009277B2 /* Debug */ = {
			isa = XCBuildConfiguration;
			buildSettings = {
				ALWAYS_SEARCH_USER_PATHS = NO;
				ARCHS = "$(ARCHS_STANDARD_32_BIT)";
				CLANG_ENABLE_OBJC_ARC = YES;
				"CODE_SIGN_IDENTITY[sdk=iphoneos*]" = "iPhone Developer";
				COPY_PHASE_STRIP = NO;
				GCC_C_LANGUAGE_STANDARD = gnu99;
				GCC_DYNAMIC_NO_PIC = NO;
				GCC_OPTIMIZATION_LEVEL = 0;
				GCC_PREPROCESSOR_DEFINITIONS = (
					"DEBUG=1",
					"$(inherited)",
				);
				GCC_SYMBOLS_PRIVATE_EXTERN = NO;
				GCC_VERSION = com.apple.compilers.llvm.clang.1_0;
				GCC_WARN_ABOUT_MISSING_PROTOTYPES = YES;
				GCC_WARN_ABOUT_RETURN_TYPE = YES;
				GCC_WARN_UNUSED_VARIABLE = YES;
				IPHONEOS_DEPLOYMENT_TARGET = 5.0;
				SDKROOT = iphoneos;
				TARGETED_DEVICE_FAMILY = 2;
			};
			name = Debug;
		};
		A90F775A13D4A101009277B2 /* Release */ = {
			isa = XCBuildConfiguration;
			buildSettings = {
				ALWAYS_SEARCH_USER_PATHS = NO;
				ARCHS = "$(ARCHS_STANDARD_32_BIT)";
				CLANG_ENABLE_OBJC_ARC = YES;
				"CODE_SIGN_IDENTITY[sdk=iphoneos*]" = "iPhone Developer";
				COPY_PHASE_STRIP = YES;
				GCC_C_LANGUAGE_STANDARD = gnu99;
				GCC_VERSION = com.apple.compilers.llvm.clang.1_0;
				GCC_WARN_ABOUT_MISSING_PROTOTYPES = YES;
				GCC_WARN_ABOUT_RETURN_TYPE = YES;
				GCC_WARN_UNUSED_VARIABLE = YES;
				IPHONEOS_DEPLOYMENT_TARGET = 5.0;
				OTHER_CFLAGS = "-DNS_BLOCK_ASSERTIONS=1";
				SDKROOT = iphoneos;
				TARGETED_DEVICE_FAMILY = 2;
				VALIDATE_PRODUCT = YES;
			};
			name = Release;
		};
		A90F775C13D4A101009277B2 /* Debug */ = {
			isa = XCBuildConfiguration;
			buildSettings = {
				CODE_SIGN_ENTITLEMENTS = SignMe/SignMe.entitlements;
				GCC_PRECOMPILE_PREFIX_HEADER = YES;
				GCC_PREFIX_HEADER = "SignMe/SignMe-Prefix.pch";
				INFOPLIST_FILE = "SignMe/SignMe-Info.plist";
				PRODUCT_NAME = "$(TARGET_NAME)";
				WRAPPER_EXTENSION = app;
			};
			name = Debug;
		};
		A90F775D13D4A101009277B2 /* Release */ = {
			isa = XCBuildConfiguration;
			buildSettings = {
				CODE_SIGN_ENTITLEMENTS = SignMe/SignMe.entitlements;
				GCC_PRECOMPILE_PREFIX_HEADER = YES;
				GCC_PREFIX_HEADER = "SignMe/SignMe-Prefix.pch";
				INFOPLIST_FILE = "SignMe/SignMe-Info.plist";
				PRODUCT_NAME = "$(TARGET_NAME)";
				WRAPPER_EXTENSION = app;
			};
			name = Release;
		};
/* End XCBuildConfiguration section */

/* Begin XCConfigurationList section */
		A90F773713D4A101009277B2 /* Build configuration list for PBXProject "SignMe" */ = {
			isa = XCConfigurationList;
			buildConfigurations = (
				A90F775913D4A101009277B2 /* Debug */,
				A90F775A13D4A101009277B2 /* Release */,
			);
			defaultConfigurationIsVisible = 0;
			defaultConfigurationName = Release;
		};
		A90F775B13D4A101009277B2 /* Build configuration list for PBXNativeTarget "SignMe" */ = {
			isa = XCConfigurationList;
			buildConfigurations = (
				A90F775C13D4A101009277B2 /* Debug */,
				A90F775D13D4A101009277B2 /* Release */,
			);
			defaultConfigurationIsVisible = 0;
		};
/* End XCConfigurationList section */
	};
	rootObject = A90F773413D4A101009277B2 /* Project object */;
}
